
Microsoft Visual Studio Solution File, Format Version 12.00
# Visual Studio Version 17
VisualStudioVersion = 17.12.35527.113 d17.12
MinimumVisualStudioVersion = 10.0.40219.1
Project("{FAE04EC0-301F-11D3-BF4B-00C04F79EFBC}") = "UnitTestingUsingNUnit", "UnitTestingUsingNUnit.csproj", "{5580BED2-AFD1-4CC3-92E4-4D21B5813F71}"
EndProject
Project("{FAE04EC0-301F-11D3-BF4B-00C04F79EFBC}") = "StudentGrades.nUnitTests", "..\StudentGrades.nUnitTests\StudentGrades.nUnitTests.csproj", "{6CC0E7C9-5895-4830-895E-E022A0519F4A}"
EndProject
Global
	GlobalSection(SolutionConfigurationPlatforms) = preSolution
		Debug|Any CPU = Debug|Any CPU
		Release|Any CPU = Release|Any CPU
	EndGlobalSection
	GlobalSection(ProjectConfigurationPlatforms) = postSolution
		{5580BED2-AFD1-4CC3-92E4-4D21B5813F71}.Debug|Any CPU.ActiveCfg = Debug|Any CPU
		{5580BED2-AFD1-4CC3-92E4-4D21B5813F71}.Debug|Any CPU.Build.0 = Debug|Any CPU
		{5580BED2-AFD1-4CC3-92E4-4D21B5813F71}.Release|Any CPU.ActiveCfg = Release|Any CPU
		{5580BED2-AFD1-4CC3-92E4-4D21B5813F71}.Release|Any CPU.Build.0 = Release|Any CPU
		{6CC0E7C9-5895-4830-895E-E022A0519F4A}.Debug|Any CPU.ActiveCfg = Debug|Any CPU
		{6CC0E7C9-5895-4830-895E-E022A0519F4A}.Debug|Any CPU.Build.0 = Debug|Any CPU
		{6CC0E7C9-5895-4830-895E-E022A0519F4A}.Release|Any CPU.ActiveCfg = Release|Any CPU
		{6CC0E7C9-5895-4830-895E-E022A0519F4A}.Release|Any CPU.Build.0 = Release|Any CPU
	EndGlobalSection
	GlobalSection(SolutionProperties) = preSolution
		HideSolutionNode = FALSE
	EndGlobalSection
EndGlobal
